{
  "originHash" : "e3241aa145ae07632ee5dc6803e0be19e09e57f56574b502edbcd4eaa82a3e57",
  "pins" : [
    {
      "identity" : "fluidheader",
      "kind" : "remoteSourceControl",
      "location" : "https://github.com/Segyun/FluidHeader.git",
      "state" : {
        "revision" : "2bc96ebdb456b9b721f370b3d0c57c93a79ea599",
        "version" : "1.0.0"
      }
    },
    {
      "identity" : "nuke",
      "kind" : "remoteSourceControl",
      "location" : "https://github.com/kean/Nuke.git",
      "state" : {
        "revision" : "83e19143355b02e9261edb2323b3e1e93287ebb9",
        "version" : "12.9.0"
      }
    }
  ],
  "version" : 3
}
